
Microsoft Visual Studio Solution File, Format Version 12.00
# Visual Studio Version 16
VisualStudioVersion = 25.0.1706.2
MinimumVisualStudioVersion = 10.0.40219.1
Project("{FAE04EC0-301F-11D3-BF4B-00C04F79EFBC}") = "SDKnowledgeCheck2", "SDKnowledgeCheck2\SDKnowledgeCheck2.csproj", "{8FDEA685-C297-41BD-807F-E4436FA4605F}"
EndProject
Global
	GlobalSection(SolutionConfigurationPlatforms) = preSolution
		Debug|Any CPU = Debug|Any CPU
		Release|Any CPU = Release|Any CPU
	EndGlobalSection
	GlobalSection(ProjectConfigurationPlatforms) = postSolution
		{8FDEA685-C297-41BD-807F-E4436FA4605F}.Debug|Any CPU.ActiveCfg = Debug|Any CPU
		{8FDEA685-C297-41BD-807F-E4436FA4605F}.Debug|Any CPU.Build.0 = Debug|Any CPU
		{8FDEA685-C297-41BD-807F-E4436FA4605F}.Release|Any CPU.ActiveCfg = Release|Any CPU
		{8FDEA685-C297-41BD-807F-E4436FA4605F}.Release|Any CPU.Build.0 = Release|Any CPU
	EndGlobalSection
	GlobalSection(SolutionProperties) = preSolution
		HideSolutionNode = FALSE
	EndGlobalSection
	GlobalSection(ExtensibilityGlobals) = postSolution
		SolutionGuid = {BA997513-D70D-44B6-928D-EAD01EB0F991}
	EndGlobalSection
EndGlobal
